
Microsoft Visual Studio Solution File, Format Version 12.00
# Visual Studio Version 17
VisualStudioVersion = 17.10.35013.160
MinimumVisualStudioVersion = 10.0.40219.1
Project("{FAE04EC0-301F-11D3-BF4B-00C04F79EFBC}") = "snakeGame", "snakeGame\snakeGame.csproj", "{82E734AF-FAFA-4B20-A826-7513DAFDAEE1}"
EndProject
Global
	GlobalSection(SolutionConfigurationPlatforms) = preSolution
		Debug|Any CPU = Debug|Any CPU
		Release|Any CPU = Release|Any CPU
	EndGlobalSection
	GlobalSection(ProjectConfigurationPlatforms) = postSolution
		{82E734AF-FAFA-4B20-A826-7513DAFDAEE1}.Debug|Any CPU.ActiveCfg = Debug|Any CPU
		{82E734AF-FAFA-4B20-A826-7513DAFDAEE1}.Debug|Any CPU.Build.0 = Debug|Any CPU
		{82E734AF-FAFA-4B20-A826-7513DAFDAEE1}.Release|Any CPU.ActiveCfg = Release|Any CPU
		{82E734AF-FAFA-4B20-A826-7513DAFDAEE1}.Release|Any CPU.Build.0 = Release|Any CPU
	EndGlobalSection
	GlobalSection(SolutionProperties) = preSolution
		HideSolutionNode = FALSE
	EndGlobalSection
	GlobalSection(ExtensibilityGlobals) = postSolution
		SolutionGuid = {F836E207-A110-419E-B093-58427436BE0B}
	EndGlobalSection
EndGlobal
